
Microsoft Visual Studio Solution File, Format Version 12.00
# Visual Studio 15
VisualStudioVersion = 15.0.28010.2046
MinimumVisualStudioVersion = 10.0.40219.1
Project("{FAE04EC0-301F-11D3-BF4B-00C04F79EFBC}") = "AppPechesPapa", "AppPechesPapa\AppPechesPapa.csproj", "{40C534AE-1DD0-4CC9-9C91-BF8F8B972FC9}"
EndProject
Global
	GlobalSection(SolutionConfigurationPlatforms) = preSolution
		Debug|Any CPU = Debug|Any CPU
		Release|Any CPU = Release|Any CPU
	EndGlobalSection
	GlobalSection(ProjectConfigurationPlatforms) = postSolution
		{40C534AE-1DD0-4CC9-9C91-BF8F8B972FC9}.Debug|Any CPU.ActiveCfg = Debug|Any CPU
		{40C534AE-1DD0-4CC9-9C91-BF8F8B972FC9}.Debug|Any CPU.Build.0 = Debug|Any CPU
		{40C534AE-1DD0-4CC9-9C91-BF8F8B972FC9}.Release|Any CPU.ActiveCfg = Release|Any CPU
		{40C534AE-1DD0-4CC9-9C91-BF8F8B972FC9}.Release|Any CPU.Build.0 = Release|Any CPU
	EndGlobalSection
	GlobalSection(SolutionProperties) = preSolution
		HideSolutionNode = FALSE
	EndGlobalSection
	GlobalSection(ExtensibilityGlobals) = postSolution
		SolutionGuid = {9361A7D4-3AC8-4C64-9565-4F8ABAD17E6F}
	EndGlobalSection
EndGlobal
